[dependencies]
  [dependencies.entitlement]
    name = "entitlement"
    full_name = "entitlement_0.1.2"
    version = "0.1.2"
  [dependencies.http]
    name = "http"
    full_name = "http_0.0.1"
    version = "0.0.1"
  [dependencies.k8s]
    name = "k8s"
    full_name = "k8s_1.32.4"
    version = "1.32.4"
    sum = "WrltC/mTXtdzmhBZxlvM71wJL5C/UZ/vW+bF3nFvNbM="
    reg = "ghcr.io"
    repo = "kcl-lang/k8s"
    oci_tag = "1.32.4"
